
Microsoft Visual Studio Solution File, Format Version 12.00
# Visual Studio 15
VisualStudioVersion = 15.0.27130.2036
MinimumVisualStudioVersion = 10.0.40219.1
Project("{FAE04EC0-301F-11D3-BF4B-00C04F79EFBC}") = "LogIn.Android", "LogIn\LogIn.Android\LogIn.Android.csproj", "{D95DCDA1-16C5-4DDD-9E5C-3A6145095178}"
EndProject
Project("{FAE04EC0-301F-11D3-BF4B-00C04F79EFBC}") = "LogIn.iOS", "LogIn\LogIn.iOS\LogIn.iOS.csproj", "{F659BAF1-BE69-46A5-8C3C-D481E77E6B2B}"
EndProject
Project("{FAE04EC0-301F-11D3-BF4B-00C04F79EFBC}") = "LogIn.UWP", "LogIn\LogIn.UWP\LogIn.UWP.csproj", "{BD90BB2D-220B-43E5-ACC9-7DADDD86CBF8}"
EndProject
Project("{9A19103F-16F7-4668-BE54-9A1E7A4F7556}") = "LogIn", "LogIn\LogIn\LogIn.csproj", "{80DD1D24-1FE0-46D7-94D6-AFE5AA405269}"
EndProject
Global
	GlobalSection(SolutionConfigurationPlatforms) = preSolution
		Ad-Hoc|Any CPU = Ad-Hoc|Any CPU
		Ad-Hoc|ARM = Ad-Hoc|ARM
		Ad-Hoc|iPhone = Ad-Hoc|iPhone
		Ad-Hoc|iPhoneSimulator = Ad-Hoc|iPhoneSimulator
		Ad-Hoc|x64 = Ad-Hoc|x64
		Ad-Hoc|x86 = Ad-Hoc|x86
		AppStore|Any CPU = AppStore|Any CPU
		AppStore|ARM = AppStore|ARM
		AppStore|iPhone = AppStore|iPhone
		AppStore|iPhoneSimulator = AppStore|iPhoneSimulator
		AppStore|x64 = AppStore|x64
		AppStore|x86 = AppStore|x86
		Debug|Any CPU = Debug|Any CPU
		Debug|ARM = Debug|ARM
		Debug|iPhone = Debug|iPhone
		Debug|iPhoneSimulator = Debug|iPhoneSimulator
		Debug|x64 = Debug|x64
		Debug|x86 = Debug|x86
		Release|Any CPU = Release|Any CPU
		Release|ARM = Release|ARM
		Release|iPhone = Release|iPhone
		Release|iPhoneSimulator = Release|iPhoneSimulator
		Release|x64 = Release|x64
		Release|x86 = Release|x86
	EndGlobalSection
	GlobalSection(ProjectConfigurationPlatforms) = postSolution
		{D95DCDA1-16C5-4DDD-9E5C-3A6145095178}.Ad-Hoc|Any CPU.ActiveCfg = Release|Any CPU
		{D95DCDA1-16C5-4DDD-9E5C-3A6145095178}.Ad-Hoc|Any CPU.Build.0 = Release|Any CPU
		{D95DCDA1-16C5-4DDD-9E5C-3A6145095178}.Ad-Hoc|Any CPU.Deploy.0 = Release|Any CPU
		{D95DCDA1-16C5-4DDD-9E5C-3A6145095178}.Ad-Hoc|ARM.ActiveCfg = Release|Any CPU
		{D95DCDA1-16C5-4DDD-9E5C-3A6145095178}.Ad-Hoc|ARM.Build.0 = Release|Any CPU
		{D95DCDA1-16C5-4DDD-9E5C-3A6145095178}.Ad-Hoc|ARM.Deploy.0 = Release|Any CPU
		{D95DCDA1-16C5-4DDD-9E5C-3A6145095178}.Ad-Hoc|iPhone.ActiveCfg = Release|Any CPU
		{D95DCDA1-16C5-4DDD-9E5C-3A6145095178}.Ad-Hoc|iPhone.Build.0 = Release|Any CPU
		{D95DCDA1-16C5-4DDD-9E5C-3A6145095178}.Ad-Hoc|iPhone.Deploy.0 = Release|Any CPU
		{D95DCDA1-16C5-4DDD-9E5C-3A6145095178}.Ad-Hoc|iPhoneSimulator.ActiveCfg = Release|Any CPU
		{D95DCDA1-16C5-4DDD-9E5C-3A6145095178}.Ad-Hoc|iPhoneSimulator.Build.0 = Release|Any CPU
		{D95DCDA1-16C5-4DDD-9E5C-3A6145095178}.Ad-Hoc|iPhoneSimulator.Deploy.0 = Release|Any CPU
		{D95DCDA1-16C5-4DDD-9E5C-3A6145095178}.Ad-Hoc|x64.ActiveCfg = Release|Any CPU
		{D95DCDA1-16C5-4DDD-9E5C-3A6145095178}.Ad-Hoc|x64.Build.0 = Release|Any CPU
		{D95DCDA1-16C5-4DDD-9E5C-3A6145095178}.Ad-Hoc|x64.Deploy.0 = Release|Any CPU
		{D95DCDA1-16C5-4DDD-9E5C-3A6145095178}.Ad-Hoc|x86.ActiveCfg = Release|Any CPU
		{D95DCDA1-16C5-4DDD-9E5C-3A6145095178}.Ad-Hoc|x86.Build.0 = Release|Any CPU
		{D95DCDA1-16C5-4DDD-9E5C-3A6145095178}.Ad-Hoc|x86.Deploy.0 = Release|Any CPU
		{D95DCDA1-16C5-4DDD-9E5C-3A6145095178}.AppStore|Any CPU.ActiveCfg = Release|Any CPU
		{D95DCDA1-16C5-4DDD-9E5C-3A6145095178}.AppStore|Any CPU.Build.0 = Release|Any CPU
		{D95DCDA1-16C5-4DDD-9E5C-3A6145095178}.AppStore|Any CPU.Deploy.0 = Release|Any CPU
		{D95DCDA1-16C5-4DDD-9E5C-3A6145095178}.AppStore|ARM.ActiveCfg = Release|Any CPU
		{D95DCDA1-16C5-4DDD-9E5C-3A6145095178}.AppStore|ARM.Build.0 = Release|Any CPU
		{D95DCDA1-16C5-4DDD-9E5C-3A6145095178}.AppStore|ARM.Deploy.0 = Release|Any CPU
		{D95DCDA1-16C5-4DDD-9E5C-3A6145095178}.AppStore|iPhone.ActiveCfg = Release|Any CPU
		{D95DCDA1-16C5-4DDD-9E5C-3A6145095178}.AppStore|iPhone.Build.0 = Release|Any CPU
		{D95DCDA1-16C5-4DDD-9E5C-3A6145095178}.AppStore|iPhone.Deploy.0 = Release|Any CPU
		{D95DCDA1-16C5-4DDD-9E5C-3A6145095178}.AppStore|iPhoneSimulator.ActiveCfg = Release|Any CPU
		{D95DCDA1-16C5-4DDD-9E5C-3A6145095178}.AppStore|iPhoneSimulator.Build.0 = Release|Any CPU
		{D95DCDA1-16C5-4DDD-9E5C-3A6145095178}.AppStore|iPhoneSimulator.Deploy.0 = Release|Any CPU
		{D95DCDA1-16C5-4DDD-9E5C-3A6145095178}.AppStore|x64.ActiveCfg = Release|Any CPU
		{D95DCDA1-16C5-4DDD-9E5C-3A6145095178}.AppStore|x64.Build.0 = Release|Any CPU
		{D95DCDA1-16C5-4DDD-9E5C-3A6145095178}.AppStore|x64.Deploy.0 = Release|Any CPU
		{D95DCDA1-16C5-4DDD-9E5C-3A6145095178}.AppStore|x86.ActiveCfg = Release|Any CPU
		{D95DCDA1-16C5-4DDD-9E5C-3A6145095178}.AppStore|x86.Build.0 = Release|Any CPU
		{D95DCDA1-16C5-4DDD-9E5C-3A6145095178}.AppStore|x86.Deploy.0 = Release|Any CPU
		{D95DCDA1-16C5-4DDD-9E5C-3A6145095178}.Debug|Any CPU.ActiveCfg = Debug|Any CPU
		{D95DCDA1-16C5-4DDD-9E5C-3A6145095178}.Debug|Any CPU.Build.0 = Debug|Any CPU
		{D95DCDA1-16C5-4DDD-9E5C-3A6145095178}.Debug|Any CPU.Deploy.0 = Debug|Any CPU
		{D95DCDA1-16C5-4DDD-9E5C-3A6145095178}.Debug|ARM.ActiveCfg = Debug|Any CPU
		{D95DCDA1-16C5-4DDD-9E5C-3A6145095178}.Debug|ARM.Build.0 = Debug|Any CPU
		{D95DCDA1-16C5-4DDD-9E5C-3A6145095178}.Debug|ARM.Deploy.0 = Debug|Any CPU
		{D95DCDA1-16C5-4DDD-9E5C-3A6145095178}.Debug|iPhone.ActiveCfg = Debug|Any CPU
		{D95DCDA1-16C5-4DDD-9E5C-3A6145095178}.Debug|iPhone.Build.0 = Debug|Any CPU
		{D95DCDA1-16C5-4DDD-9E5C-3A6145095178}.Debug|iPhone.Deploy.0 = Debug|Any CPU
		{D95DCDA1-16C5-4DDD-9E5C-3A6145095178}.Debug|iPhoneSimulator.ActiveCfg = Debug|Any CPU
		{D95DCDA1-16C5-4DDD-9E5C-3A6145095178}.Debug|iPhoneSimulator.Build.0 = Debug|Any CPU
		{D95DCDA1-16C5-4DDD-9E5C-3A6145095178}.Debug|iPhoneSimulator.Deploy.0 = Debug|Any CPU
		{D95DCDA1-16C5-4DDD-9E5C-3A6145095178}.Debug|x64.ActiveCfg = Debug|Any CPU
		{D95DCDA1-16C5-4DDD-9E5C-3A6145095178}.Debug|x64.Build.0 = Debug|Any CPU
		{D95DCDA1-16C5-4DDD-9E5C-3A6145095178}.Debug|x64.Deploy.0 = Debug|Any CPU
		{D95DCDA1-16C5-4DDD-9E5C-3A6145095178}.Debug|x86.ActiveCfg = Debug|Any CPU
		{D95DCDA1-16C5-4DDD-9E5C-3A6145095178}.Debug|x86.Build.0 = Debug|Any CPU
		{D95DCDA1-16C5-4DDD-9E5C-3A6145095178}.Debug|x86.Deploy.0 = Debug|Any CPU
		{D95DCDA1-16C5-4DDD-9E5C-3A6145095178}.Release|Any CPU.ActiveCfg = Release|Any CPU
		{D95DCDA1-16C5-4DDD-9E5C-3A6145095178}.Release|Any CPU.Build.0 = Release|Any CPU
		{D95DCDA1-16C5-4DDD-9E5C-3A6145095178}.Release|Any CPU.Deploy.0 = Release|Any CPU
		{D95DCDA1-16C5-4DDD-9E5C-3A6145095178}.Release|ARM.ActiveCfg = Release|Any CPU
		{D95DCDA1-16C5-4DDD-9E5C-3A6145095178}.Release|ARM.Build.0 = Release|Any CPU
		{D95DCDA1-16C5-4DDD-9E5C-3A6145095178}.Release|ARM.Deploy.0 = Release|Any CPU
		{D95DCDA1-16C5-4DDD-9E5C-3A6145095178}.Release|iPhone.ActiveCfg = Release|Any CPU
		{D95DCDA1-16C5-4DDD-9E5C-3A6145095178}.Release|iPhone.Build.0 = Release|Any CPU
		{D95DCDA1-16C5-4DDD-9E5C-3A6145095178}.Release|iPhone.Deploy.0 = Release|Any CPU
		{D95DCDA1-16C5-4DDD-9E5C-3A6145095178}.Release|iPhoneSimulator.ActiveCfg = Release|Any CPU
		{D95DCDA1-16C5-4DDD-9E5C-3A6145095178}.Release|iPhoneSimulator.Build.0 = Release|Any CPU
		{D95DCDA1-16C5-4DDD-9E5C-3A6145095178}.Release|iPhoneSimulator.Deploy.0 = Release|Any CPU
		{D95DCDA1-16C5-4DDD-9E5C-3A6145095178}.Release|x64.ActiveCfg = Release|Any CPU
		{D95DCDA1-16C5-4DDD-9E5C-3A6145095178}.Release|x64.Build.0 = Release|Any CPU
		{D95DCDA1-16C5-4DDD-9E5C-3A6145095178}.Release|x64.Deploy.0 = Release|Any CPU
		{D95DCDA1-16C5-4DDD-9E5C-3A6145095178}.Release|x86.ActiveCfg = Release|Any CPU
		{D95DCDA1-16C5-4DDD-9E5C-3A6145095178}.Release|x86.Build.0 = Release|Any CPU
		{D95DCDA1-16C5-4DDD-9E5C-3A6145095178}.Release|x86.Deploy.0 = Release|Any CPU
		{F659BAF1-BE69-46A5-8C3C-D481E77E6B2B}.Ad-Hoc|Any CPU.ActiveCfg = Ad-Hoc|iPhone
		{F659BAF1-BE69-46A5-8C3C-D481E77E6B2B}.Ad-Hoc|ARM.ActiveCfg = Ad-Hoc|iPhone
		{F659BAF1-BE69-46A5-8C3C-D481E77E6B2B}.Ad-Hoc|iPhone.ActiveCfg = Ad-Hoc|iPhone
		{F659BAF1-BE69-46A5-8C3C-D481E77E6B2B}.Ad-Hoc|iPhone.Build.0 = Ad-Hoc|iPhone
		{F659BAF1-BE69-46A5-8C3C-D481E77E6B2B}.Ad-Hoc|iPhoneSimulator.ActiveCfg = Ad-Hoc|iPhoneSimulator
		{F659BAF1-BE69-46A5-8C3C-D481E77E6B2B}.Ad-Hoc|iPhoneSimulator.Build.0 = Ad-Hoc|iPhoneSimulator
		{F659BAF1-BE69-46A5-8C3C-D481E77E6B2B}.Ad-Hoc|x64.ActiveCfg = Ad-Hoc|iPhone
		{F659BAF1-BE69-46A5-8C3C-D481E77E6B2B}.Ad-Hoc|x86.ActiveCfg = Ad-Hoc|iPhone
		{F659BAF1-BE69-46A5-8C3C-D481E77E6B2B}.AppStore|Any CPU.ActiveCfg = AppStore|iPhone
		{F659BAF1-BE69-46A5-8C3C-D481E77E6B2B}.AppStore|ARM.ActiveCfg = AppStore|iPhone
		{F659BAF1-BE69-46A5-8C3C-D481E77E6B2B}.AppStore|iPhone.ActiveCfg = AppStore|iPhone
		{F659BAF1-BE69-46A5-8C3C-D481E77E6B2B}.AppStore|iPhone.Build.0 = AppStore|iPhone
		{F659BAF1-BE69-46A5-8C3C-D481E77E6B2B}.AppStore|iPhoneSimulator.ActiveCfg = AppStore|iPhoneSimulator
		{F659BAF1-BE69-46A5-8C3C-D481E77E6B2B}.AppStore|iPhoneSimulator.Build.0 = AppStore|iPhoneSimulator
		{F659BAF1-BE69-46A5-8C3C-D481E77E6B2B}.AppStore|x64.ActiveCfg = AppStore|iPhone
		{F659BAF1-BE69-46A5-8C3C-D481E77E6B2B}.AppStore|x86.ActiveCfg = AppStore|iPhone
		{F659BAF1-BE69-46A5-8C3C-D481E77E6B2B}.Debug|Any CPU.ActiveCfg = Debug|iPhone
		{F659BAF1-BE69-46A5-8C3C-D481E77E6B2B}.Debug|ARM.ActiveCfg = Debug|iPhone
		{F659BAF1-BE69-46A5-8C3C-D481E77E6B2B}.Debug|iPhone.ActiveCfg = Debug|iPhone
		{F659BAF1-BE69-46A5-8C3C-D481E77E6B2B}.Debug|iPhone.Build.0 = Debug|iPhone
		{F659BAF1-BE69-46A5-8C3C-D481E77E6B2B}.Debug|iPhoneSimulator.ActiveCfg = Debug|iPhoneSimulator
		{F659BAF1-BE69-46A5-8C3C-D481E77E6B2B}.Debug|iPhoneSimulator.Build.0 = Debug|iPhoneSimulator
		{F659BAF1-BE69-46A5-8C3C-D481E77E6B2B}.Debug|x64.ActiveCfg = Debug|iPhone
		{F659BAF1-BE69-46A5-8C3C-D481E77E6B2B}.Debug|x86.ActiveCfg = Debug|iPhone
		{F659BAF1-BE69-46A5-8C3C-D481E77E6B2B}.Release|Any CPU.ActiveCfg = Release|iPhone
		{F659BAF1-BE69-46A5-8C3C-D481E77E6B2B}.Release|ARM.ActiveCfg = Release|iPhone
		{F659BAF1-BE69-46A5-8C3C-D481E77E6B2B}.Release|iPhone.ActiveCfg = Release|iPhone
		{F659BAF1-BE69-46A5-8C3C-D481E77E6B2B}.Release|iPhone.Build.0 = Release|iPhone
		{F659BAF1-BE69-46A5-8C3C-D481E77E6B2B}.Release|iPhoneSimulator.ActiveCfg = Release|iPhoneSimulator
		{F659BAF1-BE69-46A5-8C3C-D481E77E6B2B}.Release|iPhoneSimulator.Build.0 = Release|iPhoneSimulator
		{F659BAF1-BE69-46A5-8C3C-D481E77E6B2B}.Release|x64.ActiveCfg = Release|iPhone
		{F659BAF1-BE69-46A5-8C3C-D481E77E6B2B}.Release|x86.ActiveCfg = Release|iPhone
		{BD90BB2D-220B-43E5-ACC9-7DADDD86CBF8}.Ad-Hoc|Any CPU.ActiveCfg = Release|x86
		{BD90BB2D-220B-43E5-ACC9-7DADDD86CBF8}.Ad-Hoc|Any CPU.Build.0 = Release|x86
		{BD90BB2D-220B-43E5-ACC9-7DADDD86CBF8}.Ad-Hoc|Any CPU.Deploy.0 = Release|x86
		{BD90BB2D-220B-43E5-ACC9-7DADDD86CBF8}.Ad-Hoc|ARM.ActiveCfg = Release|ARM
		{BD90BB2D-220B-43E5-ACC9-7DADDD86CBF8}.Ad-Hoc|ARM.Build.0 = Release|ARM
		{BD90BB2D-220B-43E5-ACC9-7DADDD86CBF8}.Ad-Hoc|ARM.Deploy.0 = Release|ARM
		{BD90BB2D-220B-43E5-ACC9-7DADDD86CBF8}.Ad-Hoc|iPhone.ActiveCfg = Release|x86
		{BD90BB2D-220B-43E5-ACC9-7DADDD86CBF8}.Ad-Hoc|iPhone.Build.0 = Release|x86
		{BD90BB2D-220B-43E5-ACC9-7DADDD86CBF8}.Ad-Hoc|iPhone.Deploy.0 = Release|x86
		{BD90BB2D-220B-43E5-ACC9-7DADDD86CBF8}.Ad-Hoc|iPhoneSimulator.ActiveCfg = Release|x86
		{BD90BB2D-220B-43E5-ACC9-7DADDD86CBF8}.Ad-Hoc|iPhoneSimulator.Build.0 = Release|x86
		{BD90BB2D-220B-43E5-ACC9-7DADDD86CBF8}.Ad-Hoc|iPhoneSimulator.Deploy.0 = Release|x86
		{BD90BB2D-220B-43E5-ACC9-7DADDD86CBF8}.Ad-Hoc|x64.ActiveCfg = Release|x64
		{BD90BB2D-220B-43E5-ACC9-7DADDD86CBF8}.Ad-Hoc|x64.Build.0 = Release|x64
		{BD90BB2D-220B-43E5-ACC9-7DADDD86CBF8}.Ad-Hoc|x64.Deploy.0 = Release|x64
		{BD90BB2D-220B-43E5-ACC9-7DADDD86CBF8}.Ad-Hoc|x86.ActiveCfg = Release|x86
		{BD90BB2D-220B-43E5-ACC9-7DADDD86CBF8}.Ad-Hoc|x86.Build.0 = Release|x86
		{BD90BB2D-220B-43E5-ACC9-7DADDD86CBF8}.Ad-Hoc|x86.Deploy.0 = Release|x86
		{BD90BB2D-220B-43E5-ACC9-7DADDD86CBF8}.AppStore|Any CPU.ActiveCfg = Release|x86
		{BD90BB2D-220B-43E5-ACC9-7DADDD86CBF8}.AppStore|Any CPU.Build.0 = Release|x86
		{BD90BB2D-220B-43E5-ACC9-7DADDD86CBF8}.AppStore|Any CPU.Deploy.0 = Release|x86
		{BD90BB2D-220B-43E5-ACC9-7DADDD86CBF8}.AppStore|ARM.ActiveCfg = Release|ARM
		{BD90BB2D-220B-43E5-ACC9-7DADDD86CBF8}.AppStore|ARM.Build.0 = Release|ARM
		{BD90BB2D-220B-43E5-ACC9-7DADDD86CBF8}.AppStore|ARM.Deploy.0 = Release|ARM
		{BD90BB2D-220B-43E5-ACC9-7DADDD86CBF8}.AppStore|iPhone.ActiveCfg = Release|x86
		{BD90BB2D-220B-43E5-ACC9-7DADDD86CBF8}.AppStore|iPhone.Build.0 = Release|x86
		{BD90BB2D-220B-43E5-ACC9-7DADDD86CBF8}.AppStore|iPhone.Deploy.0 = Release|x86
		{BD90BB2D-220B-43E5-ACC9-7DADDD86CBF8}.AppStore|iPhoneSimulator.ActiveCfg = Release|x86
		{BD90BB2D-220B-43E5-ACC9-7DADDD86CBF8}.AppStore|iPhoneSimulator.Build.0 = Release|x86
		{BD90BB2D-220B-43E5-ACC9-7DADDD86CBF8}.AppStore|iPhoneSimulator.Deploy.0 = Release|x86
		{BD90BB2D-220B-43E5-ACC9-7DADDD86CBF8}.AppStore|x64.ActiveCfg = Release|x64
		{BD90BB2D-220B-43E5-ACC9-7DADDD86CBF8}.AppStore|x64.Build.0 = Release|x64
		{BD90BB2D-220B-43E5-ACC9-7DADDD86CBF8}.AppStore|x64.Deploy.0 = Release|x64
		{BD90BB2D-220B-43E5-ACC9-7DADDD86CBF8}.AppStore|x86.ActiveCfg = Release|x86
		{BD90BB2D-220B-43E5-ACC9-7DADDD86CBF8}.AppStore|x86.Build.0 = Release|x86
		{BD90BB2D-220B-43E5-ACC9-7DADDD86CBF8}.AppStore|x86.Deploy.0 = Release|x86
		{BD90BB2D-220B-43E5-ACC9-7DADDD86CBF8}.Debug|Any CPU.ActiveCfg = Debug|x86
		{BD90BB2D-220B-43E5-ACC9-7DADDD86CBF8}.Debug|ARM.ActiveCfg = Debug|ARM
		{BD90BB2D-220B-43E5-ACC9-7DADDD86CBF8}.Debug|ARM.Build.0 = Debug|ARM
		{BD90BB2D-220B-43E5-ACC9-7DADDD86CBF8}.Debug|ARM.Deploy.0 = Debug|ARM
		{BD90BB2D-220B-43E5-ACC9-7DADDD86CBF8}.Debug|iPhone.ActiveCfg = Debug|x86
		{BD90BB2D-220B-43E5-ACC9-7DADDD86CBF8}.Debug|iPhoneSimulator.ActiveCfg = Debug|x86
		{BD90BB2D-220B-43E5-ACC9-7DADDD86CBF8}.Debug|x64.ActiveCfg = Debug|x64
		{BD90BB2D-220B-43E5-ACC9-7DADDD86CBF8}.Debug|x64.Build.0 = Debug|x64
		{BD90BB2D-220B-43E5-ACC9-7DADDD86CBF8}.Debug|x64.Deploy.0 = Debug|x64
		{BD90BB2D-220B-43E5-ACC9-7DADDD86CBF8}.Debug|x86.ActiveCfg = Debug|x86
		{BD90BB2D-220B-43E5-ACC9-7DADDD86CBF8}.Debug|x86.Build.0 = Debug|x86
		{BD90BB2D-220B-43E5-ACC9-7DADDD86CBF8}.Debug|x86.Deploy.0 = Debug|x86
		{BD90BB2D-220B-43E5-ACC9-7DADDD86CBF8}.Release|Any CPU.ActiveCfg = Release|x86
		{BD90BB2D-220B-43E5-ACC9-7DADDD86CBF8}.Release|ARM.ActiveCfg = Release|ARM
		{BD90BB2D-220B-43E5-ACC9-7DADDD86CBF8}.Release|ARM.Build.0 = Release|ARM
		{BD90BB2D-220B-43E5-ACC9-7DADDD86CBF8}.Release|ARM.Deploy.0 = Release|ARM
		{BD90BB2D-220B-43E5-ACC9-7DADDD86CBF8}.Release|iPhone.ActiveCfg = Release|x86
		{BD90BB2D-220B-43E5-ACC9-7DADDD86CBF8}.Release|iPhoneSimulator.ActiveCfg = Release|x86
		{BD90BB2D-220B-43E5-ACC9-7DADDD86CBF8}.Release|x64.ActiveCfg = Release|x64
		{BD90BB2D-220B-43E5-ACC9-7DADDD86CBF8}.Release|x64.Build.0 = Release|x64
		{BD90BB2D-220B-43E5-ACC9-7DADDD86CBF8}.Release|x64.Deploy.0 = Release|x64
		{BD90BB2D-220B-43E5-ACC9-7DADDD86CBF8}.Release|x86.ActiveCfg = Release|x86
		{BD90BB2D-220B-43E5-ACC9-7DADDD86CBF8}.Release|x86.Build.0 = Release|x86
		{BD90BB2D-220B-43E5-ACC9-7DADDD86CBF8}.Release|x86.Deploy.0 = Release|x86
		{80DD1D24-1FE0-46D7-94D6-AFE5AA405269}.Ad-Hoc|Any CPU.ActiveCfg = Debug|Any CPU
		{80DD1D24-1FE0-46D7-94D6-AFE5AA405269}.Ad-Hoc|Any CPU.Build.0 = Debug|Any CPU
		{80DD1D24-1FE0-46D7-94D6-AFE5AA405269}.Ad-Hoc|ARM.ActiveCfg = Debug|Any CPU
		{80DD1D24-1FE0-46D7-94D6-AFE5AA405269}.Ad-Hoc|ARM.Build.0 = Debug|Any CPU
		{80DD1D24-1FE0-46D7-94D6-AFE5AA405269}.Ad-Hoc|iPhone.ActiveCfg = Debug|Any CPU
		{80DD1D24-1FE0-46D7-94D6-AFE5AA405269}.Ad-Hoc|iPhone.Build.0 = Debug|Any CPU
		{80DD1D24-1FE0-46D7-94D6-AFE5AA405269}.Ad-Hoc|iPhoneSimulator.ActiveCfg = Debug|Any CPU
		{80DD1D24-1FE0-46D7-94D6-AFE5AA405269}.Ad-Hoc|iPhoneSimulator.Build.0 = Debug|Any CPU
		{80DD1D24-1FE0-46D7-94D6-AFE5AA405269}.Ad-Hoc|x64.ActiveCfg = Debug|Any CPU
		{80DD1D24-1FE0-46D7-94D6-AFE5AA405269}.Ad-Hoc|x64.Build.0 = Debug|Any CPU
		{80DD1D24-1FE0-46D7-94D6-AFE5AA405269}.Ad-Hoc|x86.ActiveCfg = Debug|Any CPU
		{80DD1D24-1FE0-46D7-94D6-AFE5AA405269}.Ad-Hoc|x86.Build.0 = Debug|Any CPU
		{80DD1D24-1FE0-46D7-94D6-AFE5AA405269}.AppStore|Any CPU.ActiveCfg = Debug|Any CPU
		{80DD1D24-1FE0-46D7-94D6-AFE5AA405269}.AppStore|Any CPU.Build.0 = Debug|Any CPU
		{80DD1D24-1FE0-46D7-94D6-AFE5AA405269}.AppStore|ARM.ActiveCfg = Debug|Any CPU
		{80DD1D24-1FE0-46D7-94D6-AFE5AA405269}.AppStore|ARM.Build.0 = Debug|Any CPU
		{80DD1D24-1FE0-46D7-94D6-AFE5AA405269}.AppStore|iPhone.ActiveCfg = Debug|Any CPU
		{80DD1D24-1FE0-46D7-94D6-AFE5AA405269}.AppStore|iPhone.Build.0 = Debug|Any CPU
		{80DD1D24-1FE0-46D7-94D6-AFE5AA405269}.AppStore|iPhoneSimulator.ActiveCfg = Debug|Any CPU
		{80DD1D24-1FE0-46D7-94D6-AFE5AA405269}.AppStore|iPhoneSimulator.Build.0 = Debug|Any CPU
		{80DD1D24-1FE0-46D7-94D6-AFE5AA405269}.AppStore|x64.ActiveCfg = Debug|Any CPU
		{80DD1D24-1FE0-46D7-94D6-AFE5AA405269}.AppStore|x64.Build.0 = Debug|Any CPU
		{80DD1D24-1FE0-46D7-94D6-AFE5AA405269}.AppStore|x86.ActiveCfg = Debug|Any CPU
		{80DD1D24-1FE0-46D7-94D6-AFE5AA405269}.AppStore|x86.Build.0 = Debug|Any CPU
		{80DD1D24-1FE0-46D7-94D6-AFE5AA405269}.Debug|Any CPU.ActiveCfg = Debug|Any CPU
		{80DD1D24-1FE0-46D7-94D6-AFE5AA405269}.Debug|Any CPU.Build.0 = Debug|Any CPU
		{80DD1D24-1FE0-46D7-94D6-AFE5AA405269}.Debug|ARM.ActiveCfg = Debug|Any CPU
		{80DD1D24-1FE0-46D7-94D6-AFE5AA405269}.Debug|ARM.Build.0 = Debug|Any CPU
		{80DD1D24-1FE0-46D7-94D6-AFE5AA405269}.Debug|iPhone.ActiveCfg = Debug|Any CPU
		{80DD1D24-1FE0-46D7-94D6-AFE5AA405269}.Debug|iPhone.Build.0 = Debug|Any CPU
		{80DD1D24-1FE0-46D7-94D6-AFE5AA405269}.Debug|iPhoneSimulator.ActiveCfg = Debug|Any CPU
		{80DD1D24-1FE0-46D7-94D6-AFE5AA405269}.Debug|iPhoneSimulator.Build.0 = Debug|Any CPU
		{80DD1D24-1FE0-46D7-94D6-AFE5AA405269}.Debug|x64.ActiveCfg = Debug|Any CPU
		{80DD1D24-1FE0-46D7-94D6-AFE5AA405269}.Debug|x64.Build.0 = Debug|Any CPU
		{80DD1D24-1FE0-46D7-94D6-AFE5AA405269}.Debug|x86.ActiveCfg = Debug|Any CPU
		{80DD1D24-1FE0-46D7-94D6-AFE5AA405269}.Debug|x86.Build.0 = Debug|Any CPU
		{80DD1D24-1FE0-46D7-94D6-AFE5AA405269}.Release|Any CPU.ActiveCfg = Release|Any CPU
		{80DD1D24-1FE0-46D7-94D6-AFE5AA405269}.Release|Any CPU.Build.0 = Release|Any CPU
		{80DD1D24-1FE0-46D7-94D6-AFE5AA405269}.Release|ARM.ActiveCfg = Release|Any CPU
		{80DD1D24-1FE0-46D7-94D6-AFE5AA405269}.Release|ARM.Build.0 = Release|Any CPU
		{80DD1D24-1FE0-46D7-94D6-AFE5AA405269}.Release|iPhone.ActiveCfg = Release|Any CPU
		{80DD1D24-1FE0-46D7-94D6-AFE5AA405269}.Release|iPhone.Build.0 = Release|Any CPU
		{80DD1D24-1FE0-46D7-94D6-AFE5AA405269}.Release|iPhoneSimulator.ActiveCfg = Release|Any CPU
		{80DD1D24-1FE0-46D7-94D6-AFE5AA405269}.Release|iPhoneSimulator.Build.0 = Release|Any CPU
		{80DD1D24-1FE0-46D7-94D6-AFE5AA405269}.Release|x64.ActiveCfg = Release|Any CPU
		{80DD1D24-1FE0-46D7-94D6-AFE5AA405269}.Release|x64.Build.0 = Release|Any CPU
		{80DD1D24-1FE0-46D7-94D6-AFE5AA405269}.Release|x86.ActiveCfg = Release|Any CPU
		{80DD1D24-1FE0-46D7-94D6-AFE5AA405269}.Release|x86.Build.0 = Release|Any CPU
	EndGlobalSection
	GlobalSection(SolutionProperties) = preSolution
		HideSolutionNode = FALSE
	EndGlobalSection
	GlobalSection(ExtensibilityGlobals) = postSolution
		SolutionGuid = {E8D7ACC2-BE1E-4640-90D4-AF1DCDA3B2BA}
	EndGlobalSection
EndGlobal
