
Microsoft Visual Studio Solution File, Format Version 12.00
# Visual Studio 15
VisualStudioVersion = 15.0.27130.2036
MinimumVisualStudioVersion = 10.0.40219.1
Project("{FAE04EC0-301F-11D3-BF4B-00C04F79EFBC}") = "Equip4.Android", "Equip4\Equip4.Android\Equip4.Android.csproj", "{6FBED737-154A-4E7C-8408-719D12887B93}"
EndProject
Project("{FAE04EC0-301F-11D3-BF4B-00C04F79EFBC}") = "Equip4.iOS", "Equip4\Equip4.iOS\Equip4.iOS.csproj", "{849CD15E-30AB-41F4-A24D-F5DD86DB17CF}"
EndProject
Project("{FAE04EC0-301F-11D3-BF4B-00C04F79EFBC}") = "Equip4.UWP", "Equip4\Equip4.UWP\Equip4.UWP.csproj", "{AD145B8D-B3D5-4D03-8BC3-B6D56E159AA5}"
EndProject
Project("{FAE04EC0-301F-11D3-BF4B-00C04F79EFBC}") = "Equip4", "Equip4\Equip4\Equip4.csproj", "{67821233-1D96-4A03-8994-3593FCBD9B80}"
EndProject
Global
	GlobalSection(SolutionConfigurationPlatforms) = preSolution
		Ad-Hoc|Any CPU = Ad-Hoc|Any CPU
		Ad-Hoc|ARM = Ad-Hoc|ARM
		Ad-Hoc|iPhone = Ad-Hoc|iPhone
		Ad-Hoc|iPhoneSimulator = Ad-Hoc|iPhoneSimulator
		Ad-Hoc|x64 = Ad-Hoc|x64
		Ad-Hoc|x86 = Ad-Hoc|x86
		AppStore|Any CPU = AppStore|Any CPU
		AppStore|ARM = AppStore|ARM
		AppStore|iPhone = AppStore|iPhone
		AppStore|iPhoneSimulator = AppStore|iPhoneSimulator
		AppStore|x64 = AppStore|x64
		AppStore|x86 = AppStore|x86
		Debug|Any CPU = Debug|Any CPU
		Debug|ARM = Debug|ARM
		Debug|iPhone = Debug|iPhone
		Debug|iPhoneSimulator = Debug|iPhoneSimulator
		Debug|x64 = Debug|x64
		Debug|x86 = Debug|x86
		Release|Any CPU = Release|Any CPU
		Release|ARM = Release|ARM
		Release|iPhone = Release|iPhone
		Release|iPhoneSimulator = Release|iPhoneSimulator
		Release|x64 = Release|x64
		Release|x86 = Release|x86
	EndGlobalSection
	GlobalSection(ProjectConfigurationPlatforms) = postSolution
		{6FBED737-154A-4E7C-8408-719D12887B93}.Ad-Hoc|Any CPU.ActiveCfg = Release|Any CPU
		{6FBED737-154A-4E7C-8408-719D12887B93}.Ad-Hoc|Any CPU.Build.0 = Release|Any CPU
		{6FBED737-154A-4E7C-8408-719D12887B93}.Ad-Hoc|Any CPU.Deploy.0 = Release|Any CPU
		{6FBED737-154A-4E7C-8408-719D12887B93}.Ad-Hoc|ARM.ActiveCfg = Release|Any CPU
		{6FBED737-154A-4E7C-8408-719D12887B93}.Ad-Hoc|ARM.Build.0 = Release|Any CPU
		{6FBED737-154A-4E7C-8408-719D12887B93}.Ad-Hoc|ARM.Deploy.0 = Release|Any CPU
		{6FBED737-154A-4E7C-8408-719D12887B93}.Ad-Hoc|iPhone.ActiveCfg = Release|Any CPU
		{6FBED737-154A-4E7C-8408-719D12887B93}.Ad-Hoc|iPhone.Build.0 = Release|Any CPU
		{6FBED737-154A-4E7C-8408-719D12887B93}.Ad-Hoc|iPhone.Deploy.0 = Release|Any CPU
		{6FBED737-154A-4E7C-8408-719D12887B93}.Ad-Hoc|iPhoneSimulator.ActiveCfg = Release|Any CPU
		{6FBED737-154A-4E7C-8408-719D12887B93}.Ad-Hoc|iPhoneSimulator.Build.0 = Release|Any CPU
		{6FBED737-154A-4E7C-8408-719D12887B93}.Ad-Hoc|iPhoneSimulator.Deploy.0 = Release|Any CPU
		{6FBED737-154A-4E7C-8408-719D12887B93}.Ad-Hoc|x64.ActiveCfg = Release|Any CPU
		{6FBED737-154A-4E7C-8408-719D12887B93}.Ad-Hoc|x64.Build.0 = Release|Any CPU
		{6FBED737-154A-4E7C-8408-719D12887B93}.Ad-Hoc|x64.Deploy.0 = Release|Any CPU
		{6FBED737-154A-4E7C-8408-719D12887B93}.Ad-Hoc|x86.ActiveCfg = Release|Any CPU
		{6FBED737-154A-4E7C-8408-719D12887B93}.Ad-Hoc|x86.Build.0 = Release|Any CPU
		{6FBED737-154A-4E7C-8408-719D12887B93}.Ad-Hoc|x86.Deploy.0 = Release|Any CPU
		{6FBED737-154A-4E7C-8408-719D12887B93}.AppStore|Any CPU.ActiveCfg = Release|Any CPU
		{6FBED737-154A-4E7C-8408-719D12887B93}.AppStore|Any CPU.Build.0 = Release|Any CPU
		{6FBED737-154A-4E7C-8408-719D12887B93}.AppStore|Any CPU.Deploy.0 = Release|Any CPU
		{6FBED737-154A-4E7C-8408-719D12887B93}.AppStore|ARM.ActiveCfg = Release|Any CPU
		{6FBED737-154A-4E7C-8408-719D12887B93}.AppStore|ARM.Build.0 = Release|Any CPU
		{6FBED737-154A-4E7C-8408-719D12887B93}.AppStore|ARM.Deploy.0 = Release|Any CPU
		{6FBED737-154A-4E7C-8408-719D12887B93}.AppStore|iPhone.ActiveCfg = Release|Any CPU
		{6FBED737-154A-4E7C-8408-719D12887B93}.AppStore|iPhone.Build.0 = Release|Any CPU
		{6FBED737-154A-4E7C-8408-719D12887B93}.AppStore|iPhone.Deploy.0 = Release|Any CPU
		{6FBED737-154A-4E7C-8408-719D12887B93}.AppStore|iPhoneSimulator.ActiveCfg = Release|Any CPU
		{6FBED737-154A-4E7C-8408-719D12887B93}.AppStore|iPhoneSimulator.Build.0 = Release|Any CPU
		{6FBED737-154A-4E7C-8408-719D12887B93}.AppStore|iPhoneSimulator.Deploy.0 = Release|Any CPU
		{6FBED737-154A-4E7C-8408-719D12887B93}.AppStore|x64.ActiveCfg = Release|Any CPU
		{6FBED737-154A-4E7C-8408-719D12887B93}.AppStore|x64.Build.0 = Release|Any CPU
		{6FBED737-154A-4E7C-8408-719D12887B93}.AppStore|x64.Deploy.0 = Release|Any CPU
		{6FBED737-154A-4E7C-8408-719D12887B93}.AppStore|x86.ActiveCfg = Release|Any CPU
		{6FBED737-154A-4E7C-8408-719D12887B93}.AppStore|x86.Build.0 = Release|Any CPU
		{6FBED737-154A-4E7C-8408-719D12887B93}.AppStore|x86.Deploy.0 = Release|Any CPU
		{6FBED737-154A-4E7C-8408-719D12887B93}.Debug|Any CPU.ActiveCfg = Debug|Any CPU
		{6FBED737-154A-4E7C-8408-719D12887B93}.Debug|Any CPU.Build.0 = Debug|Any CPU
		{6FBED737-154A-4E7C-8408-719D12887B93}.Debug|Any CPU.Deploy.0 = Debug|Any CPU
		{6FBED737-154A-4E7C-8408-719D12887B93}.Debug|ARM.ActiveCfg = Debug|Any CPU
		{6FBED737-154A-4E7C-8408-719D12887B93}.Debug|ARM.Build.0 = Debug|Any CPU
		{6FBED737-154A-4E7C-8408-719D12887B93}.Debug|ARM.Deploy.0 = Debug|Any CPU
		{6FBED737-154A-4E7C-8408-719D12887B93}.Debug|iPhone.ActiveCfg = Debug|Any CPU
		{6FBED737-154A-4E7C-8408-719D12887B93}.Debug|iPhone.Build.0 = Debug|Any CPU
		{6FBED737-154A-4E7C-8408-719D12887B93}.Debug|iPhone.Deploy.0 = Debug|Any CPU
		{6FBED737-154A-4E7C-8408-719D12887B93}.Debug|iPhoneSimulator.ActiveCfg = Debug|Any CPU
		{6FBED737-154A-4E7C-8408-719D12887B93}.Debug|iPhoneSimulator.Build.0 = Debug|Any CPU
		{6FBED737-154A-4E7C-8408-719D12887B93}.Debug|iPhoneSimulator.Deploy.0 = Debug|Any CPU
		{6FBED737-154A-4E7C-8408-719D12887B93}.Debug|x64.ActiveCfg = Debug|Any CPU
		{6FBED737-154A-4E7C-8408-719D12887B93}.Debug|x64.Build.0 = Debug|Any CPU
		{6FBED737-154A-4E7C-8408-719D12887B93}.Debug|x64.Deploy.0 = Debug|Any CPU
		{6FBED737-154A-4E7C-8408-719D12887B93}.Debug|x86.ActiveCfg = Debug|Any CPU
		{6FBED737-154A-4E7C-8408-719D12887B93}.Debug|x86.Build.0 = Debug|Any CPU
		{6FBED737-154A-4E7C-8408-719D12887B93}.Debug|x86.Deploy.0 = Debug|Any CPU
		{6FBED737-154A-4E7C-8408-719D12887B93}.Release|Any CPU.ActiveCfg = Release|Any CPU
		{6FBED737-154A-4E7C-8408-719D12887B93}.Release|Any CPU.Build.0 = Release|Any CPU
		{6FBED737-154A-4E7C-8408-719D12887B93}.Release|Any CPU.Deploy.0 = Release|Any CPU
		{6FBED737-154A-4E7C-8408-719D12887B93}.Release|ARM.ActiveCfg = Release|Any CPU
		{6FBED737-154A-4E7C-8408-719D12887B93}.Release|ARM.Build.0 = Release|Any CPU
		{6FBED737-154A-4E7C-8408-719D12887B93}.Release|ARM.Deploy.0 = Release|Any CPU
		{6FBED737-154A-4E7C-8408-719D12887B93}.Release|iPhone.ActiveCfg = Release|Any CPU
		{6FBED737-154A-4E7C-8408-719D12887B93}.Release|iPhone.Build.0 = Release|Any CPU
		{6FBED737-154A-4E7C-8408-719D12887B93}.Release|iPhone.Deploy.0 = Release|Any CPU
		{6FBED737-154A-4E7C-8408-719D12887B93}.Release|iPhoneSimulator.ActiveCfg = Release|Any CPU
		{6FBED737-154A-4E7C-8408-719D12887B93}.Release|iPhoneSimulator.Build.0 = Release|Any CPU
		{6FBED737-154A-4E7C-8408-719D12887B93}.Release|iPhoneSimulator.Deploy.0 = Release|Any CPU
		{6FBED737-154A-4E7C-8408-719D12887B93}.Release|x64.ActiveCfg = Release|Any CPU
		{6FBED737-154A-4E7C-8408-719D12887B93}.Release|x64.Build.0 = Release|Any CPU
		{6FBED737-154A-4E7C-8408-719D12887B93}.Release|x64.Deploy.0 = Release|Any CPU
		{6FBED737-154A-4E7C-8408-719D12887B93}.Release|x86.ActiveCfg = Release|Any CPU
		{6FBED737-154A-4E7C-8408-719D12887B93}.Release|x86.Build.0 = Release|Any CPU
		{6FBED737-154A-4E7C-8408-719D12887B93}.Release|x86.Deploy.0 = Release|Any CPU
		{849CD15E-30AB-41F4-A24D-F5DD86DB17CF}.Ad-Hoc|Any CPU.ActiveCfg = Ad-Hoc|iPhone
		{849CD15E-30AB-41F4-A24D-F5DD86DB17CF}.Ad-Hoc|ARM.ActiveCfg = Ad-Hoc|iPhone
		{849CD15E-30AB-41F4-A24D-F5DD86DB17CF}.Ad-Hoc|iPhone.ActiveCfg = Ad-Hoc|iPhone
		{849CD15E-30AB-41F4-A24D-F5DD86DB17CF}.Ad-Hoc|iPhone.Build.0 = Ad-Hoc|iPhone
		{849CD15E-30AB-41F4-A24D-F5DD86DB17CF}.Ad-Hoc|iPhoneSimulator.ActiveCfg = Ad-Hoc|iPhoneSimulator
		{849CD15E-30AB-41F4-A24D-F5DD86DB17CF}.Ad-Hoc|iPhoneSimulator.Build.0 = Ad-Hoc|iPhoneSimulator
		{849CD15E-30AB-41F4-A24D-F5DD86DB17CF}.Ad-Hoc|x64.ActiveCfg = Ad-Hoc|iPhone
		{849CD15E-30AB-41F4-A24D-F5DD86DB17CF}.Ad-Hoc|x86.ActiveCfg = Ad-Hoc|iPhone
		{849CD15E-30AB-41F4-A24D-F5DD86DB17CF}.AppStore|Any CPU.ActiveCfg = AppStore|iPhone
		{849CD15E-30AB-41F4-A24D-F5DD86DB17CF}.AppStore|ARM.ActiveCfg = AppStore|iPhone
		{849CD15E-30AB-41F4-A24D-F5DD86DB17CF}.AppStore|iPhone.ActiveCfg = AppStore|iPhone
		{849CD15E-30AB-41F4-A24D-F5DD86DB17CF}.AppStore|iPhone.Build.0 = AppStore|iPhone
		{849CD15E-30AB-41F4-A24D-F5DD86DB17CF}.AppStore|iPhoneSimulator.ActiveCfg = AppStore|iPhoneSimulator
		{849CD15E-30AB-41F4-A24D-F5DD86DB17CF}.AppStore|iPhoneSimulator.Build.0 = AppStore|iPhoneSimulator
		{849CD15E-30AB-41F4-A24D-F5DD86DB17CF}.AppStore|x64.ActiveCfg = AppStore|iPhone
		{849CD15E-30AB-41F4-A24D-F5DD86DB17CF}.AppStore|x86.ActiveCfg = AppStore|iPhone
		{849CD15E-30AB-41F4-A24D-F5DD86DB17CF}.Debug|Any CPU.ActiveCfg = Debug|iPhone
		{849CD15E-30AB-41F4-A24D-F5DD86DB17CF}.Debug|ARM.ActiveCfg = Debug|iPhone
		{849CD15E-30AB-41F4-A24D-F5DD86DB17CF}.Debug|iPhone.ActiveCfg = Debug|iPhone
		{849CD15E-30AB-41F4-A24D-F5DD86DB17CF}.Debug|iPhone.Build.0 = Debug|iPhone
		{849CD15E-30AB-41F4-A24D-F5DD86DB17CF}.Debug|iPhoneSimulator.ActiveCfg = Debug|iPhoneSimulator
		{849CD15E-30AB-41F4-A24D-F5DD86DB17CF}.Debug|iPhoneSimulator.Build.0 = Debug|iPhoneSimulator
		{849CD15E-30AB-41F4-A24D-F5DD86DB17CF}.Debug|x64.ActiveCfg = Debug|iPhone
		{849CD15E-30AB-41F4-A24D-F5DD86DB17CF}.Debug|x86.ActiveCfg = Debug|iPhone
		{849CD15E-30AB-41F4-A24D-F5DD86DB17CF}.Release|Any CPU.ActiveCfg = Release|iPhone
		{849CD15E-30AB-41F4-A24D-F5DD86DB17CF}.Release|ARM.ActiveCfg = Release|iPhone
		{849CD15E-30AB-41F4-A24D-F5DD86DB17CF}.Release|iPhone.ActiveCfg = Release|iPhone
		{849CD15E-30AB-41F4-A24D-F5DD86DB17CF}.Release|iPhone.Build.0 = Release|iPhone
		{849CD15E-30AB-41F4-A24D-F5DD86DB17CF}.Release|iPhoneSimulator.ActiveCfg = Release|iPhoneSimulator
		{849CD15E-30AB-41F4-A24D-F5DD86DB17CF}.Release|iPhoneSimulator.Build.0 = Release|iPhoneSimulator
		{849CD15E-30AB-41F4-A24D-F5DD86DB17CF}.Release|x64.ActiveCfg = Release|iPhone
		{849CD15E-30AB-41F4-A24D-F5DD86DB17CF}.Release|x86.ActiveCfg = Release|iPhone
		{AD145B8D-B3D5-4D03-8BC3-B6D56E159AA5}.Ad-Hoc|Any CPU.ActiveCfg = Release|x86
		{AD145B8D-B3D5-4D03-8BC3-B6D56E159AA5}.Ad-Hoc|Any CPU.Build.0 = Release|x86
		{AD145B8D-B3D5-4D03-8BC3-B6D56E159AA5}.Ad-Hoc|Any CPU.Deploy.0 = Release|x86
		{AD145B8D-B3D5-4D03-8BC3-B6D56E159AA5}.Ad-Hoc|ARM.ActiveCfg = Release|ARM
		{AD145B8D-B3D5-4D03-8BC3-B6D56E159AA5}.Ad-Hoc|ARM.Build.0 = Release|ARM
		{AD145B8D-B3D5-4D03-8BC3-B6D56E159AA5}.Ad-Hoc|ARM.Deploy.0 = Release|ARM
		{AD145B8D-B3D5-4D03-8BC3-B6D56E159AA5}.Ad-Hoc|iPhone.ActiveCfg = Release|x86
		{AD145B8D-B3D5-4D03-8BC3-B6D56E159AA5}.Ad-Hoc|iPhone.Build.0 = Release|x86
		{AD145B8D-B3D5-4D03-8BC3-B6D56E159AA5}.Ad-Hoc|iPhone.Deploy.0 = Release|x86
		{AD145B8D-B3D5-4D03-8BC3-B6D56E159AA5}.Ad-Hoc|iPhoneSimulator.ActiveCfg = Release|x86
		{AD145B8D-B3D5-4D03-8BC3-B6D56E159AA5}.Ad-Hoc|iPhoneSimulator.Build.0 = Release|x86
		{AD145B8D-B3D5-4D03-8BC3-B6D56E159AA5}.Ad-Hoc|iPhoneSimulator.Deploy.0 = Release|x86
		{AD145B8D-B3D5-4D03-8BC3-B6D56E159AA5}.Ad-Hoc|x64.ActiveCfg = Release|x64
		{AD145B8D-B3D5-4D03-8BC3-B6D56E159AA5}.Ad-Hoc|x64.Build.0 = Release|x64
		{AD145B8D-B3D5-4D03-8BC3-B6D56E159AA5}.Ad-Hoc|x64.Deploy.0 = Release|x64
		{AD145B8D-B3D5-4D03-8BC3-B6D56E159AA5}.Ad-Hoc|x86.ActiveCfg = Release|x86
		{AD145B8D-B3D5-4D03-8BC3-B6D56E159AA5}.Ad-Hoc|x86.Build.0 = Release|x86
		{AD145B8D-B3D5-4D03-8BC3-B6D56E159AA5}.Ad-Hoc|x86.Deploy.0 = Release|x86
		{AD145B8D-B3D5-4D03-8BC3-B6D56E159AA5}.AppStore|Any CPU.ActiveCfg = Release|x86
		{AD145B8D-B3D5-4D03-8BC3-B6D56E159AA5}.AppStore|Any CPU.Build.0 = Release|x86
		{AD145B8D-B3D5-4D03-8BC3-B6D56E159AA5}.AppStore|Any CPU.Deploy.0 = Release|x86
		{AD145B8D-B3D5-4D03-8BC3-B6D56E159AA5}.AppStore|ARM.ActiveCfg = Release|ARM
		{AD145B8D-B3D5-4D03-8BC3-B6D56E159AA5}.AppStore|ARM.Build.0 = Release|ARM
		{AD145B8D-B3D5-4D03-8BC3-B6D56E159AA5}.AppStore|ARM.Deploy.0 = Release|ARM
		{AD145B8D-B3D5-4D03-8BC3-B6D56E159AA5}.AppStore|iPhone.ActiveCfg = Release|x86
		{AD145B8D-B3D5-4D03-8BC3-B6D56E159AA5}.AppStore|iPhone.Build.0 = Release|x86
		{AD145B8D-B3D5-4D03-8BC3-B6D56E159AA5}.AppStore|iPhone.Deploy.0 = Release|x86
		{AD145B8D-B3D5-4D03-8BC3-B6D56E159AA5}.AppStore|iPhoneSimulator.ActiveCfg = Release|x86
		{AD145B8D-B3D5-4D03-8BC3-B6D56E159AA5}.AppStore|iPhoneSimulator.Build.0 = Release|x86
		{AD145B8D-B3D5-4D03-8BC3-B6D56E159AA5}.AppStore|iPhoneSimulator.Deploy.0 = Release|x86
		{AD145B8D-B3D5-4D03-8BC3-B6D56E159AA5}.AppStore|x64.ActiveCfg = Release|x64
		{AD145B8D-B3D5-4D03-8BC3-B6D56E159AA5}.AppStore|x64.Build.0 = Release|x64
		{AD145B8D-B3D5-4D03-8BC3-B6D56E159AA5}.AppStore|x64.Deploy.0 = Release|x64
		{AD145B8D-B3D5-4D03-8BC3-B6D56E159AA5}.AppStore|x86.ActiveCfg = Release|x86
		{AD145B8D-B3D5-4D03-8BC3-B6D56E159AA5}.AppStore|x86.Build.0 = Release|x86
		{AD145B8D-B3D5-4D03-8BC3-B6D56E159AA5}.AppStore|x86.Deploy.0 = Release|x86
		{AD145B8D-B3D5-4D03-8BC3-B6D56E159AA5}.Debug|Any CPU.ActiveCfg = Debug|x86
		{AD145B8D-B3D5-4D03-8BC3-B6D56E159AA5}.Debug|ARM.ActiveCfg = Debug|ARM
		{AD145B8D-B3D5-4D03-8BC3-B6D56E159AA5}.Debug|ARM.Build.0 = Debug|ARM
		{AD145B8D-B3D5-4D03-8BC3-B6D56E159AA5}.Debug|ARM.Deploy.0 = Debug|ARM
		{AD145B8D-B3D5-4D03-8BC3-B6D56E159AA5}.Debug|iPhone.ActiveCfg = Debug|x86
		{AD145B8D-B3D5-4D03-8BC3-B6D56E159AA5}.Debug|iPhoneSimulator.ActiveCfg = Debug|x86
		{AD145B8D-B3D5-4D03-8BC3-B6D56E159AA5}.Debug|x64.ActiveCfg = Debug|x64
		{AD145B8D-B3D5-4D03-8BC3-B6D56E159AA5}.Debug|x64.Build.0 = Debug|x64
		{AD145B8D-B3D5-4D03-8BC3-B6D56E159AA5}.Debug|x64.Deploy.0 = Debug|x64
		{AD145B8D-B3D5-4D03-8BC3-B6D56E159AA5}.Debug|x86.ActiveCfg = Debug|x86
		{AD145B8D-B3D5-4D03-8BC3-B6D56E159AA5}.Debug|x86.Build.0 = Debug|x86
		{AD145B8D-B3D5-4D03-8BC3-B6D56E159AA5}.Debug|x86.Deploy.0 = Debug|x86
		{AD145B8D-B3D5-4D03-8BC3-B6D56E159AA5}.Release|Any CPU.ActiveCfg = Release|x86
		{AD145B8D-B3D5-4D03-8BC3-B6D56E159AA5}.Release|ARM.ActiveCfg = Release|ARM
		{AD145B8D-B3D5-4D03-8BC3-B6D56E159AA5}.Release|ARM.Build.0 = Release|ARM
		{AD145B8D-B3D5-4D03-8BC3-B6D56E159AA5}.Release|ARM.Deploy.0 = Release|ARM
		{AD145B8D-B3D5-4D03-8BC3-B6D56E159AA5}.Release|iPhone.ActiveCfg = Release|x86
		{AD145B8D-B3D5-4D03-8BC3-B6D56E159AA5}.Release|iPhoneSimulator.ActiveCfg = Release|x86
		{AD145B8D-B3D5-4D03-8BC3-B6D56E159AA5}.Release|x64.ActiveCfg = Release|x64
		{AD145B8D-B3D5-4D03-8BC3-B6D56E159AA5}.Release|x64.Build.0 = Release|x64
		{AD145B8D-B3D5-4D03-8BC3-B6D56E159AA5}.Release|x64.Deploy.0 = Release|x64
		{AD145B8D-B3D5-4D03-8BC3-B6D56E159AA5}.Release|x86.ActiveCfg = Release|x86
		{AD145B8D-B3D5-4D03-8BC3-B6D56E159AA5}.Release|x86.Build.0 = Release|x86
		{AD145B8D-B3D5-4D03-8BC3-B6D56E159AA5}.Release|x86.Deploy.0 = Release|x86
		{67821233-1D96-4A03-8994-3593FCBD9B80}.Ad-Hoc|Any CPU.ActiveCfg = Debug|Any CPU
		{67821233-1D96-4A03-8994-3593FCBD9B80}.Ad-Hoc|Any CPU.Build.0 = Debug|Any CPU
		{67821233-1D96-4A03-8994-3593FCBD9B80}.Ad-Hoc|ARM.ActiveCfg = Debug|Any CPU
		{67821233-1D96-4A03-8994-3593FCBD9B80}.Ad-Hoc|ARM.Build.0 = Debug|Any CPU
		{67821233-1D96-4A03-8994-3593FCBD9B80}.Ad-Hoc|iPhone.ActiveCfg = Debug|Any CPU
		{67821233-1D96-4A03-8994-3593FCBD9B80}.Ad-Hoc|iPhone.Build.0 = Debug|Any CPU
		{67821233-1D96-4A03-8994-3593FCBD9B80}.Ad-Hoc|iPhoneSimulator.ActiveCfg = Debug|Any CPU
		{67821233-1D96-4A03-8994-3593FCBD9B80}.Ad-Hoc|iPhoneSimulator.Build.0 = Debug|Any CPU
		{67821233-1D96-4A03-8994-3593FCBD9B80}.Ad-Hoc|x64.ActiveCfg = Debug|Any CPU
		{67821233-1D96-4A03-8994-3593FCBD9B80}.Ad-Hoc|x64.Build.0 = Debug|Any CPU
		{67821233-1D96-4A03-8994-3593FCBD9B80}.Ad-Hoc|x86.ActiveCfg = Debug|Any CPU
		{67821233-1D96-4A03-8994-3593FCBD9B80}.Ad-Hoc|x86.Build.0 = Debug|Any CPU
		{67821233-1D96-4A03-8994-3593FCBD9B80}.AppStore|Any CPU.ActiveCfg = Debug|Any CPU
		{67821233-1D96-4A03-8994-3593FCBD9B80}.AppStore|Any CPU.Build.0 = Debug|Any CPU
		{67821233-1D96-4A03-8994-3593FCBD9B80}.AppStore|ARM.ActiveCfg = Debug|Any CPU
		{67821233-1D96-4A03-8994-3593FCBD9B80}.AppStore|ARM.Build.0 = Debug|Any CPU
		{67821233-1D96-4A03-8994-3593FCBD9B80}.AppStore|iPhone.ActiveCfg = Debug|Any CPU
		{67821233-1D96-4A03-8994-3593FCBD9B80}.AppStore|iPhone.Build.0 = Debug|Any CPU
		{67821233-1D96-4A03-8994-3593FCBD9B80}.AppStore|iPhoneSimulator.ActiveCfg = Debug|Any CPU
		{67821233-1D96-4A03-8994-3593FCBD9B80}.AppStore|iPhoneSimulator.Build.0 = Debug|Any CPU
		{67821233-1D96-4A03-8994-3593FCBD9B80}.AppStore|x64.ActiveCfg = Debug|Any CPU
		{67821233-1D96-4A03-8994-3593FCBD9B80}.AppStore|x64.Build.0 = Debug|Any CPU
		{67821233-1D96-4A03-8994-3593FCBD9B80}.AppStore|x86.ActiveCfg = Debug|Any CPU
		{67821233-1D96-4A03-8994-3593FCBD9B80}.AppStore|x86.Build.0 = Debug|Any CPU
		{67821233-1D96-4A03-8994-3593FCBD9B80}.Debug|Any CPU.ActiveCfg = Debug|Any CPU
		{67821233-1D96-4A03-8994-3593FCBD9B80}.Debug|Any CPU.Build.0 = Debug|Any CPU
		{67821233-1D96-4A03-8994-3593FCBD9B80}.Debug|ARM.ActiveCfg = Debug|Any CPU
		{67821233-1D96-4A03-8994-3593FCBD9B80}.Debug|ARM.Build.0 = Debug|Any CPU
		{67821233-1D96-4A03-8994-3593FCBD9B80}.Debug|iPhone.ActiveCfg = Debug|Any CPU
		{67821233-1D96-4A03-8994-3593FCBD9B80}.Debug|iPhone.Build.0 = Debug|Any CPU
		{67821233-1D96-4A03-8994-3593FCBD9B80}.Debug|iPhoneSimulator.ActiveCfg = Debug|Any CPU
		{67821233-1D96-4A03-8994-3593FCBD9B80}.Debug|iPhoneSimulator.Build.0 = Debug|Any CPU
		{67821233-1D96-4A03-8994-3593FCBD9B80}.Debug|x64.ActiveCfg = Debug|Any CPU
		{67821233-1D96-4A03-8994-3593FCBD9B80}.Debug|x64.Build.0 = Debug|Any CPU
		{67821233-1D96-4A03-8994-3593FCBD9B80}.Debug|x86.ActiveCfg = Debug|Any CPU
		{67821233-1D96-4A03-8994-3593FCBD9B80}.Debug|x86.Build.0 = Debug|Any CPU
		{67821233-1D96-4A03-8994-3593FCBD9B80}.Release|Any CPU.ActiveCfg = Release|Any CPU
		{67821233-1D96-4A03-8994-3593FCBD9B80}.Release|Any CPU.Build.0 = Release|Any CPU
		{67821233-1D96-4A03-8994-3593FCBD9B80}.Release|ARM.ActiveCfg = Release|Any CPU
		{67821233-1D96-4A03-8994-3593FCBD9B80}.Release|ARM.Build.0 = Release|Any CPU
		{67821233-1D96-4A03-8994-3593FCBD9B80}.Release|iPhone.ActiveCfg = Release|Any CPU
		{67821233-1D96-4A03-8994-3593FCBD9B80}.Release|iPhone.Build.0 = Release|Any CPU
		{67821233-1D96-4A03-8994-3593FCBD9B80}.Release|iPhoneSimulator.ActiveCfg = Release|Any CPU
		{67821233-1D96-4A03-8994-3593FCBD9B80}.Release|iPhoneSimulator.Build.0 = Release|Any CPU
		{67821233-1D96-4A03-8994-3593FCBD9B80}.Release|x64.ActiveCfg = Release|Any CPU
		{67821233-1D96-4A03-8994-3593FCBD9B80}.Release|x64.Build.0 = Release|Any CPU
		{67821233-1D96-4A03-8994-3593FCBD9B80}.Release|x86.ActiveCfg = Release|Any CPU
		{67821233-1D96-4A03-8994-3593FCBD9B80}.Release|x86.Build.0 = Release|Any CPU
	EndGlobalSection
	GlobalSection(SolutionProperties) = preSolution
		HideSolutionNode = FALSE
	EndGlobalSection
	GlobalSection(ExtensibilityGlobals) = postSolution
		SolutionGuid = {F236F428-D6C2-4303-85A1-40CAF5159A41}
	EndGlobalSection
EndGlobal
