
Microsoft Visual Studio Solution File, Format Version 12.00
# Visual Studio 15
VisualStudioVersion = 15.0.27130.2036
MinimumVisualStudioVersion = 10.0.40219.1
Project("{FAE04EC0-301F-11D3-BF4B-00C04F79EFBC}") = "Equip4.Android", "Equip4\Equip4.Android\Equip4.Android.csproj", "{E183BFDE-26D4-4030-854D-89EA4F013F3B}"
EndProject
Project("{FAE04EC0-301F-11D3-BF4B-00C04F79EFBC}") = "Equip4.iOS", "Equip4\Equip4.iOS\Equip4.iOS.csproj", "{6FE51808-2B02-44B3-961A-89FB2464D6D5}"
EndProject
Project("{FAE04EC0-301F-11D3-BF4B-00C04F79EFBC}") = "Equip4.UWP", "Equip4\Equip4.UWP\Equip4.UWP.csproj", "{213883FC-703A-4A2E-8C52-9E845F2CD4ED}"
EndProject
Project("{D954291E-2A0B-460D-934E-DC6B0785DB48}") = "Equip4", "Equip4\Equip4\Equip4.shproj", "{08E692C4-4D6C-4C32-AEB4-7958649F64A4}"
EndProject
Global
	GlobalSection(SharedMSBuildProjectFiles) = preSolution
		Equip4\Equip4\Equip4.projitems*{08e692c4-4d6c-4c32-aeb4-7958649f64a4}*SharedItemsImports = 13
		Equip4\Equip4\Equip4.projitems*{213883fc-703a-4a2e-8c52-9e845f2cd4ed}*SharedItemsImports = 4
		Equip4\Equip4\Equip4.projitems*{6fe51808-2b02-44b3-961a-89fb2464d6d5}*SharedItemsImports = 4
		Equip4\Equip4\Equip4.projitems*{e183bfde-26d4-4030-854d-89ea4f013f3b}*SharedItemsImports = 4
	EndGlobalSection
	GlobalSection(SolutionConfigurationPlatforms) = preSolution
		Ad-Hoc|Any CPU = Ad-Hoc|Any CPU
		Ad-Hoc|ARM = Ad-Hoc|ARM
		Ad-Hoc|iPhone = Ad-Hoc|iPhone
		Ad-Hoc|iPhoneSimulator = Ad-Hoc|iPhoneSimulator
		Ad-Hoc|x64 = Ad-Hoc|x64
		Ad-Hoc|x86 = Ad-Hoc|x86
		AppStore|Any CPU = AppStore|Any CPU
		AppStore|ARM = AppStore|ARM
		AppStore|iPhone = AppStore|iPhone
		AppStore|iPhoneSimulator = AppStore|iPhoneSimulator
		AppStore|x64 = AppStore|x64
		AppStore|x86 = AppStore|x86
		Debug|Any CPU = Debug|Any CPU
		Debug|ARM = Debug|ARM
		Debug|iPhone = Debug|iPhone
		Debug|iPhoneSimulator = Debug|iPhoneSimulator
		Debug|x64 = Debug|x64
		Debug|x86 = Debug|x86
		Release|Any CPU = Release|Any CPU
		Release|ARM = Release|ARM
		Release|iPhone = Release|iPhone
		Release|iPhoneSimulator = Release|iPhoneSimulator
		Release|x64 = Release|x64
		Release|x86 = Release|x86
	EndGlobalSection
	GlobalSection(ProjectConfigurationPlatforms) = postSolution
		{E183BFDE-26D4-4030-854D-89EA4F013F3B}.Ad-Hoc|Any CPU.ActiveCfg = Release|Any CPU
		{E183BFDE-26D4-4030-854D-89EA4F013F3B}.Ad-Hoc|Any CPU.Build.0 = Release|Any CPU
		{E183BFDE-26D4-4030-854D-89EA4F013F3B}.Ad-Hoc|Any CPU.Deploy.0 = Release|Any CPU
		{E183BFDE-26D4-4030-854D-89EA4F013F3B}.Ad-Hoc|ARM.ActiveCfg = Release|Any CPU
		{E183BFDE-26D4-4030-854D-89EA4F013F3B}.Ad-Hoc|ARM.Build.0 = Release|Any CPU
		{E183BFDE-26D4-4030-854D-89EA4F013F3B}.Ad-Hoc|ARM.Deploy.0 = Release|Any CPU
		{E183BFDE-26D4-4030-854D-89EA4F013F3B}.Ad-Hoc|iPhone.ActiveCfg = Release|Any CPU
		{E183BFDE-26D4-4030-854D-89EA4F013F3B}.Ad-Hoc|iPhone.Build.0 = Release|Any CPU
		{E183BFDE-26D4-4030-854D-89EA4F013F3B}.Ad-Hoc|iPhone.Deploy.0 = Release|Any CPU
		{E183BFDE-26D4-4030-854D-89EA4F013F3B}.Ad-Hoc|iPhoneSimulator.ActiveCfg = Release|Any CPU
		{E183BFDE-26D4-4030-854D-89EA4F013F3B}.Ad-Hoc|iPhoneSimulator.Build.0 = Release|Any CPU
		{E183BFDE-26D4-4030-854D-89EA4F013F3B}.Ad-Hoc|iPhoneSimulator.Deploy.0 = Release|Any CPU
		{E183BFDE-26D4-4030-854D-89EA4F013F3B}.Ad-Hoc|x64.ActiveCfg = Release|Any CPU
		{E183BFDE-26D4-4030-854D-89EA4F013F3B}.Ad-Hoc|x64.Build.0 = Release|Any CPU
		{E183BFDE-26D4-4030-854D-89EA4F013F3B}.Ad-Hoc|x64.Deploy.0 = Release|Any CPU
		{E183BFDE-26D4-4030-854D-89EA4F013F3B}.Ad-Hoc|x86.ActiveCfg = Release|Any CPU
		{E183BFDE-26D4-4030-854D-89EA4F013F3B}.Ad-Hoc|x86.Build.0 = Release|Any CPU
		{E183BFDE-26D4-4030-854D-89EA4F013F3B}.Ad-Hoc|x86.Deploy.0 = Release|Any CPU
		{E183BFDE-26D4-4030-854D-89EA4F013F3B}.AppStore|Any CPU.ActiveCfg = Release|Any CPU
		{E183BFDE-26D4-4030-854D-89EA4F013F3B}.AppStore|Any CPU.Build.0 = Release|Any CPU
		{E183BFDE-26D4-4030-854D-89EA4F013F3B}.AppStore|Any CPU.Deploy.0 = Release|Any CPU
		{E183BFDE-26D4-4030-854D-89EA4F013F3B}.AppStore|ARM.ActiveCfg = Release|Any CPU
		{E183BFDE-26D4-4030-854D-89EA4F013F3B}.AppStore|ARM.Build.0 = Release|Any CPU
		{E183BFDE-26D4-4030-854D-89EA4F013F3B}.AppStore|ARM.Deploy.0 = Release|Any CPU
		{E183BFDE-26D4-4030-854D-89EA4F013F3B}.AppStore|iPhone.ActiveCfg = Release|Any CPU
		{E183BFDE-26D4-4030-854D-89EA4F013F3B}.AppStore|iPhone.Build.0 = Release|Any CPU
		{E183BFDE-26D4-4030-854D-89EA4F013F3B}.AppStore|iPhone.Deploy.0 = Release|Any CPU
		{E183BFDE-26D4-4030-854D-89EA4F013F3B}.AppStore|iPhoneSimulator.ActiveCfg = Release|Any CPU
		{E183BFDE-26D4-4030-854D-89EA4F013F3B}.AppStore|iPhoneSimulator.Build.0 = Release|Any CPU
		{E183BFDE-26D4-4030-854D-89EA4F013F3B}.AppStore|iPhoneSimulator.Deploy.0 = Release|Any CPU
		{E183BFDE-26D4-4030-854D-89EA4F013F3B}.AppStore|x64.ActiveCfg = Release|Any CPU
		{E183BFDE-26D4-4030-854D-89EA4F013F3B}.AppStore|x64.Build.0 = Release|Any CPU
		{E183BFDE-26D4-4030-854D-89EA4F013F3B}.AppStore|x64.Deploy.0 = Release|Any CPU
		{E183BFDE-26D4-4030-854D-89EA4F013F3B}.AppStore|x86.ActiveCfg = Release|Any CPU
		{E183BFDE-26D4-4030-854D-89EA4F013F3B}.AppStore|x86.Build.0 = Release|Any CPU
		{E183BFDE-26D4-4030-854D-89EA4F013F3B}.AppStore|x86.Deploy.0 = Release|Any CPU
		{E183BFDE-26D4-4030-854D-89EA4F013F3B}.Debug|Any CPU.ActiveCfg = Debug|Any CPU
		{E183BFDE-26D4-4030-854D-89EA4F013F3B}.Debug|Any CPU.Build.0 = Debug|Any CPU
		{E183BFDE-26D4-4030-854D-89EA4F013F3B}.Debug|Any CPU.Deploy.0 = Debug|Any CPU
		{E183BFDE-26D4-4030-854D-89EA4F013F3B}.Debug|ARM.ActiveCfg = Debug|Any CPU
		{E183BFDE-26D4-4030-854D-89EA4F013F3B}.Debug|ARM.Build.0 = Debug|Any CPU
		{E183BFDE-26D4-4030-854D-89EA4F013F3B}.Debug|ARM.Deploy.0 = Debug|Any CPU
		{E183BFDE-26D4-4030-854D-89EA4F013F3B}.Debug|iPhone.ActiveCfg = Debug|Any CPU
		{E183BFDE-26D4-4030-854D-89EA4F013F3B}.Debug|iPhone.Build.0 = Debug|Any CPU
		{E183BFDE-26D4-4030-854D-89EA4F013F3B}.Debug|iPhone.Deploy.0 = Debug|Any CPU
		{E183BFDE-26D4-4030-854D-89EA4F013F3B}.Debug|iPhoneSimulator.ActiveCfg = Debug|Any CPU
		{E183BFDE-26D4-4030-854D-89EA4F013F3B}.Debug|iPhoneSimulator.Build.0 = Debug|Any CPU
		{E183BFDE-26D4-4030-854D-89EA4F013F3B}.Debug|iPhoneSimulator.Deploy.0 = Debug|Any CPU
		{E183BFDE-26D4-4030-854D-89EA4F013F3B}.Debug|x64.ActiveCfg = Debug|Any CPU
		{E183BFDE-26D4-4030-854D-89EA4F013F3B}.Debug|x64.Build.0 = Debug|Any CPU
		{E183BFDE-26D4-4030-854D-89EA4F013F3B}.Debug|x64.Deploy.0 = Debug|Any CPU
		{E183BFDE-26D4-4030-854D-89EA4F013F3B}.Debug|x86.ActiveCfg = Debug|Any CPU
		{E183BFDE-26D4-4030-854D-89EA4F013F3B}.Debug|x86.Build.0 = Debug|Any CPU
		{E183BFDE-26D4-4030-854D-89EA4F013F3B}.Debug|x86.Deploy.0 = Debug|Any CPU
		{E183BFDE-26D4-4030-854D-89EA4F013F3B}.Release|Any CPU.ActiveCfg = Release|Any CPU
		{E183BFDE-26D4-4030-854D-89EA4F013F3B}.Release|Any CPU.Build.0 = Release|Any CPU
		{E183BFDE-26D4-4030-854D-89EA4F013F3B}.Release|Any CPU.Deploy.0 = Release|Any CPU
		{E183BFDE-26D4-4030-854D-89EA4F013F3B}.Release|ARM.ActiveCfg = Release|Any CPU
		{E183BFDE-26D4-4030-854D-89EA4F013F3B}.Release|ARM.Build.0 = Release|Any CPU
		{E183BFDE-26D4-4030-854D-89EA4F013F3B}.Release|ARM.Deploy.0 = Release|Any CPU
		{E183BFDE-26D4-4030-854D-89EA4F013F3B}.Release|iPhone.ActiveCfg = Release|Any CPU
		{E183BFDE-26D4-4030-854D-89EA4F013F3B}.Release|iPhone.Build.0 = Release|Any CPU
		{E183BFDE-26D4-4030-854D-89EA4F013F3B}.Release|iPhone.Deploy.0 = Release|Any CPU
		{E183BFDE-26D4-4030-854D-89EA4F013F3B}.Release|iPhoneSimulator.ActiveCfg = Release|Any CPU
		{E183BFDE-26D4-4030-854D-89EA4F013F3B}.Release|iPhoneSimulator.Build.0 = Release|Any CPU
		{E183BFDE-26D4-4030-854D-89EA4F013F3B}.Release|iPhoneSimulator.Deploy.0 = Release|Any CPU
		{E183BFDE-26D4-4030-854D-89EA4F013F3B}.Release|x64.ActiveCfg = Release|Any CPU
		{E183BFDE-26D4-4030-854D-89EA4F013F3B}.Release|x64.Build.0 = Release|Any CPU
		{E183BFDE-26D4-4030-854D-89EA4F013F3B}.Release|x64.Deploy.0 = Release|Any CPU
		{E183BFDE-26D4-4030-854D-89EA4F013F3B}.Release|x86.ActiveCfg = Release|Any CPU
		{E183BFDE-26D4-4030-854D-89EA4F013F3B}.Release|x86.Build.0 = Release|Any CPU
		{E183BFDE-26D4-4030-854D-89EA4F013F3B}.Release|x86.Deploy.0 = Release|Any CPU
		{6FE51808-2B02-44B3-961A-89FB2464D6D5}.Ad-Hoc|Any CPU.ActiveCfg = Ad-Hoc|iPhone
		{6FE51808-2B02-44B3-961A-89FB2464D6D5}.Ad-Hoc|ARM.ActiveCfg = Ad-Hoc|iPhone
		{6FE51808-2B02-44B3-961A-89FB2464D6D5}.Ad-Hoc|iPhone.ActiveCfg = Ad-Hoc|iPhone
		{6FE51808-2B02-44B3-961A-89FB2464D6D5}.Ad-Hoc|iPhone.Build.0 = Ad-Hoc|iPhone
		{6FE51808-2B02-44B3-961A-89FB2464D6D5}.Ad-Hoc|iPhoneSimulator.ActiveCfg = Ad-Hoc|iPhoneSimulator
		{6FE51808-2B02-44B3-961A-89FB2464D6D5}.Ad-Hoc|iPhoneSimulator.Build.0 = Ad-Hoc|iPhoneSimulator
		{6FE51808-2B02-44B3-961A-89FB2464D6D5}.Ad-Hoc|x64.ActiveCfg = Ad-Hoc|iPhone
		{6FE51808-2B02-44B3-961A-89FB2464D6D5}.Ad-Hoc|x86.ActiveCfg = Ad-Hoc|iPhone
		{6FE51808-2B02-44B3-961A-89FB2464D6D5}.AppStore|Any CPU.ActiveCfg = AppStore|iPhone
		{6FE51808-2B02-44B3-961A-89FB2464D6D5}.AppStore|ARM.ActiveCfg = AppStore|iPhone
		{6FE51808-2B02-44B3-961A-89FB2464D6D5}.AppStore|iPhone.ActiveCfg = AppStore|iPhone
		{6FE51808-2B02-44B3-961A-89FB2464D6D5}.AppStore|iPhone.Build.0 = AppStore|iPhone
		{6FE51808-2B02-44B3-961A-89FB2464D6D5}.AppStore|iPhoneSimulator.ActiveCfg = AppStore|iPhoneSimulator
		{6FE51808-2B02-44B3-961A-89FB2464D6D5}.AppStore|iPhoneSimulator.Build.0 = AppStore|iPhoneSimulator
		{6FE51808-2B02-44B3-961A-89FB2464D6D5}.AppStore|x64.ActiveCfg = AppStore|iPhone
		{6FE51808-2B02-44B3-961A-89FB2464D6D5}.AppStore|x86.ActiveCfg = AppStore|iPhone
		{6FE51808-2B02-44B3-961A-89FB2464D6D5}.Debug|Any CPU.ActiveCfg = Debug|iPhone
		{6FE51808-2B02-44B3-961A-89FB2464D6D5}.Debug|ARM.ActiveCfg = Debug|iPhone
		{6FE51808-2B02-44B3-961A-89FB2464D6D5}.Debug|iPhone.ActiveCfg = Debug|iPhone
		{6FE51808-2B02-44B3-961A-89FB2464D6D5}.Debug|iPhone.Build.0 = Debug|iPhone
		{6FE51808-2B02-44B3-961A-89FB2464D6D5}.Debug|iPhoneSimulator.ActiveCfg = Debug|iPhoneSimulator
		{6FE51808-2B02-44B3-961A-89FB2464D6D5}.Debug|iPhoneSimulator.Build.0 = Debug|iPhoneSimulator
		{6FE51808-2B02-44B3-961A-89FB2464D6D5}.Debug|x64.ActiveCfg = Debug|iPhone
		{6FE51808-2B02-44B3-961A-89FB2464D6D5}.Debug|x86.ActiveCfg = Debug|iPhone
		{6FE51808-2B02-44B3-961A-89FB2464D6D5}.Release|Any CPU.ActiveCfg = Release|iPhone
		{6FE51808-2B02-44B3-961A-89FB2464D6D5}.Release|ARM.ActiveCfg = Release|iPhone
		{6FE51808-2B02-44B3-961A-89FB2464D6D5}.Release|iPhone.ActiveCfg = Release|iPhone
		{6FE51808-2B02-44B3-961A-89FB2464D6D5}.Release|iPhone.Build.0 = Release|iPhone
		{6FE51808-2B02-44B3-961A-89FB2464D6D5}.Release|iPhoneSimulator.ActiveCfg = Release|iPhoneSimulator
		{6FE51808-2B02-44B3-961A-89FB2464D6D5}.Release|iPhoneSimulator.Build.0 = Release|iPhoneSimulator
		{6FE51808-2B02-44B3-961A-89FB2464D6D5}.Release|x64.ActiveCfg = Release|iPhone
		{6FE51808-2B02-44B3-961A-89FB2464D6D5}.Release|x86.ActiveCfg = Release|iPhone
		{213883FC-703A-4A2E-8C52-9E845F2CD4ED}.Ad-Hoc|Any CPU.ActiveCfg = Release|x86
		{213883FC-703A-4A2E-8C52-9E845F2CD4ED}.Ad-Hoc|Any CPU.Build.0 = Release|x86
		{213883FC-703A-4A2E-8C52-9E845F2CD4ED}.Ad-Hoc|Any CPU.Deploy.0 = Release|x86
		{213883FC-703A-4A2E-8C52-9E845F2CD4ED}.Ad-Hoc|ARM.ActiveCfg = Release|ARM
		{213883FC-703A-4A2E-8C52-9E845F2CD4ED}.Ad-Hoc|ARM.Build.0 = Release|ARM
		{213883FC-703A-4A2E-8C52-9E845F2CD4ED}.Ad-Hoc|ARM.Deploy.0 = Release|ARM
		{213883FC-703A-4A2E-8C52-9E845F2CD4ED}.Ad-Hoc|iPhone.ActiveCfg = Release|x86
		{213883FC-703A-4A2E-8C52-9E845F2CD4ED}.Ad-Hoc|iPhone.Build.0 = Release|x86
		{213883FC-703A-4A2E-8C52-9E845F2CD4ED}.Ad-Hoc|iPhone.Deploy.0 = Release|x86
		{213883FC-703A-4A2E-8C52-9E845F2CD4ED}.Ad-Hoc|iPhoneSimulator.ActiveCfg = Release|x86
		{213883FC-703A-4A2E-8C52-9E845F2CD4ED}.Ad-Hoc|iPhoneSimulator.Build.0 = Release|x86
		{213883FC-703A-4A2E-8C52-9E845F2CD4ED}.Ad-Hoc|iPhoneSimulator.Deploy.0 = Release|x86
		{213883FC-703A-4A2E-8C52-9E845F2CD4ED}.Ad-Hoc|x64.ActiveCfg = Release|x64
		{213883FC-703A-4A2E-8C52-9E845F2CD4ED}.Ad-Hoc|x64.Build.0 = Release|x64
		{213883FC-703A-4A2E-8C52-9E845F2CD4ED}.Ad-Hoc|x64.Deploy.0 = Release|x64
		{213883FC-703A-4A2E-8C52-9E845F2CD4ED}.Ad-Hoc|x86.ActiveCfg = Release|x86
		{213883FC-703A-4A2E-8C52-9E845F2CD4ED}.Ad-Hoc|x86.Build.0 = Release|x86
		{213883FC-703A-4A2E-8C52-9E845F2CD4ED}.Ad-Hoc|x86.Deploy.0 = Release|x86
		{213883FC-703A-4A2E-8C52-9E845F2CD4ED}.AppStore|Any CPU.ActiveCfg = Release|x86
		{213883FC-703A-4A2E-8C52-9E845F2CD4ED}.AppStore|Any CPU.Build.0 = Release|x86
		{213883FC-703A-4A2E-8C52-9E845F2CD4ED}.AppStore|Any CPU.Deploy.0 = Release|x86
		{213883FC-703A-4A2E-8C52-9E845F2CD4ED}.AppStore|ARM.ActiveCfg = Release|ARM
		{213883FC-703A-4A2E-8C52-9E845F2CD4ED}.AppStore|ARM.Build.0 = Release|ARM
		{213883FC-703A-4A2E-8C52-9E845F2CD4ED}.AppStore|ARM.Deploy.0 = Release|ARM
		{213883FC-703A-4A2E-8C52-9E845F2CD4ED}.AppStore|iPhone.ActiveCfg = Release|x86
		{213883FC-703A-4A2E-8C52-9E845F2CD4ED}.AppStore|iPhone.Build.0 = Release|x86
		{213883FC-703A-4A2E-8C52-9E845F2CD4ED}.AppStore|iPhone.Deploy.0 = Release|x86
		{213883FC-703A-4A2E-8C52-9E845F2CD4ED}.AppStore|iPhoneSimulator.ActiveCfg = Release|x86
		{213883FC-703A-4A2E-8C52-9E845F2CD4ED}.AppStore|iPhoneSimulator.Build.0 = Release|x86
		{213883FC-703A-4A2E-8C52-9E845F2CD4ED}.AppStore|iPhoneSimulator.Deploy.0 = Release|x86
		{213883FC-703A-4A2E-8C52-9E845F2CD4ED}.AppStore|x64.ActiveCfg = Release|x64
		{213883FC-703A-4A2E-8C52-9E845F2CD4ED}.AppStore|x64.Build.0 = Release|x64
		{213883FC-703A-4A2E-8C52-9E845F2CD4ED}.AppStore|x64.Deploy.0 = Release|x64
		{213883FC-703A-4A2E-8C52-9E845F2CD4ED}.AppStore|x86.ActiveCfg = Release|x86
		{213883FC-703A-4A2E-8C52-9E845F2CD4ED}.AppStore|x86.Build.0 = Release|x86
		{213883FC-703A-4A2E-8C52-9E845F2CD4ED}.AppStore|x86.Deploy.0 = Release|x86
		{213883FC-703A-4A2E-8C52-9E845F2CD4ED}.Debug|Any CPU.ActiveCfg = Debug|x86
		{213883FC-703A-4A2E-8C52-9E845F2CD4ED}.Debug|ARM.ActiveCfg = Debug|ARM
		{213883FC-703A-4A2E-8C52-9E845F2CD4ED}.Debug|ARM.Build.0 = Debug|ARM
		{213883FC-703A-4A2E-8C52-9E845F2CD4ED}.Debug|ARM.Deploy.0 = Debug|ARM
		{213883FC-703A-4A2E-8C52-9E845F2CD4ED}.Debug|iPhone.ActiveCfg = Debug|x86
		{213883FC-703A-4A2E-8C52-9E845F2CD4ED}.Debug|iPhoneSimulator.ActiveCfg = Debug|x86
		{213883FC-703A-4A2E-8C52-9E845F2CD4ED}.Debug|x64.ActiveCfg = Debug|x64
		{213883FC-703A-4A2E-8C52-9E845F2CD4ED}.Debug|x64.Build.0 = Debug|x64
		{213883FC-703A-4A2E-8C52-9E845F2CD4ED}.Debug|x64.Deploy.0 = Debug|x64
		{213883FC-703A-4A2E-8C52-9E845F2CD4ED}.Debug|x86.ActiveCfg = Debug|x86
		{213883FC-703A-4A2E-8C52-9E845F2CD4ED}.Debug|x86.Build.0 = Debug|x86
		{213883FC-703A-4A2E-8C52-9E845F2CD4ED}.Debug|x86.Deploy.0 = Debug|x86
		{213883FC-703A-4A2E-8C52-9E845F2CD4ED}.Release|Any CPU.ActiveCfg = Release|x86
		{213883FC-703A-4A2E-8C52-9E845F2CD4ED}.Release|ARM.ActiveCfg = Release|ARM
		{213883FC-703A-4A2E-8C52-9E845F2CD4ED}.Release|ARM.Build.0 = Release|ARM
		{213883FC-703A-4A2E-8C52-9E845F2CD4ED}.Release|ARM.Deploy.0 = Release|ARM
		{213883FC-703A-4A2E-8C52-9E845F2CD4ED}.Release|iPhone.ActiveCfg = Release|x86
		{213883FC-703A-4A2E-8C52-9E845F2CD4ED}.Release|iPhoneSimulator.ActiveCfg = Release|x86
		{213883FC-703A-4A2E-8C52-9E845F2CD4ED}.Release|x64.ActiveCfg = Release|x64
		{213883FC-703A-4A2E-8C52-9E845F2CD4ED}.Release|x64.Build.0 = Release|x64
		{213883FC-703A-4A2E-8C52-9E845F2CD4ED}.Release|x64.Deploy.0 = Release|x64
		{213883FC-703A-4A2E-8C52-9E845F2CD4ED}.Release|x86.ActiveCfg = Release|x86
		{213883FC-703A-4A2E-8C52-9E845F2CD4ED}.Release|x86.Build.0 = Release|x86
		{213883FC-703A-4A2E-8C52-9E845F2CD4ED}.Release|x86.Deploy.0 = Release|x86
	EndGlobalSection
	GlobalSection(SolutionProperties) = preSolution
		HideSolutionNode = FALSE
	EndGlobalSection
	GlobalSection(ExtensibilityGlobals) = postSolution
		SolutionGuid = {A1EC18E6-BB6A-475F-9617-A8AD0A6D91E7}
	EndGlobalSection
EndGlobal
